// !$*UTF8*$!
{
	archiveVersion = 1;
	classes = {
	};
	objectVersion = 46;
	objects = {

/* Begin PBXBuildFile section */
		BF4C65C01F79159A008EDEDF /* Races.swift in Sources */ = {isa = PBXBuildFile; fileRef = BF4C65BF1F79159A008EDEDF /* Races.swift */; };
		BF4C65C21F79219A008EDEDF /* Strenght.swift in Sources */ = {isa = PBXBuildFile; fileRef = BF4C65C11F79219A008EDEDF /* Strenght.swift */; };
		BF4C65C41F792225008EDEDF /* Team.swift in Sources */ = {isa = PBXBuildFile; fileRef = BF4C65C31F792225008EDEDF /* Team.swift */; };
		BF4C65C61F7930AF008EDEDF /* Recovery.swift in Sources */ = {isa = PBXBuildFile; fileRef = BF4C65C51F7930AF008EDEDF /* Recovery.swift */; };
		BF4C65C81F793ADC008EDEDF /* Chest.swift in Sources */ = {isa = PBXBuildFile; fileRef = BF4C65C71F793ADC008EDEDF /* Chest.swift */; };
		BF4C65CA1F793BD2008EDEDF /* BonusWeapon1.swift in Sources */ = {isa = PBXBuildFile; fileRef = BF4C65C91F793BD2008EDEDF /* BonusWeapon1.swift */; };
		BF4C65CC1F793C60008EDEDF /* BonusWeapon2.swift in Sources */ = {isa = PBXBuildFile; fileRef = BF4C65CB1F793C60008EDEDF /* BonusWeapon2.swift */; };
		BFD735081F79422900CAABD6 /* BoneAxe.swift in Sources */ = {isa = PBXBuildFile; fileRef = BFD735021F79422900CAABD6 /* BoneAxe.swift */; };
		BFD735091F79422900CAABD6 /* Characters.swift in Sources */ = {isa = PBXBuildFile; fileRef = BFD735031F79422900CAABD6 /* Characters.swift */; };
		BFD7350A1F79422900CAABD6 /* Hammer.swift in Sources */ = {isa = PBXBuildFile; fileRef = BFD735041F79422900CAABD6 /* Hammer.swift */; };
		BFD7350B1F79422900CAABD6 /* NightStick.swift in Sources */ = {isa = PBXBuildFile; fileRef = BFD735051F79422900CAABD6 /* NightStick.swift */; };
		BFD7350C1F79422900CAABD6 /* Players.swift in Sources */ = {isa = PBXBuildFile; fileRef = BFD735061F79422900CAABD6 /* Players.swift */; };
		BFD7350D1F79422900CAABD6 /* Sword.swift in Sources */ = {isa = PBXBuildFile; fileRef = BFD735071F79422900CAABD6 /* Sword.swift */; };
		BFD7350F1F79427300CAABD6 /* main.swift in Sources */ = {isa = PBXBuildFile; fileRef = BFD7350E1F79427300CAABD6 /* main.swift */; };
		BFD735111F794DE300CAABD6 /* Options.swift in Sources */ = {isa = PBXBuildFile; fileRef = BFD735101F794DE300CAABD6 /* Options.swift */; };
		BFD735131F79555900CAABD6 /* inputs.swift in Sources */ = {isa = PBXBuildFile; fileRef = BFD735121F79555900CAABD6 /* inputs.swift */; };
/* End PBXBuildFile section */

/* Begin PBXCopyFilesBuildPhase section */
		BF4C65A51F7913F2008EDEDF /* CopyFiles */ = {
			isa = PBXCopyFilesBuildPhase;
			buildActionMask = 2147483647;
			dstPath = /usr/share/man/man1/;
			dstSubfolderSpec = 0;
			files = (
			);
			runOnlyForDeploymentPostprocessing = 1;
		};
/* End PBXCopyFilesBuildPhase section */

/* Begin PBXFileReference section */
		BF4C65A71F7913F2008EDEDF /* P-3 */ = {isa = PBXFileReference; explicitFileType = "compiled.mach-o.executable"; includeInIndex = 0; path = "P-3"; sourceTree = BUILT_PRODUCTS_DIR; };
		BF4C65BF1F79159A008EDEDF /* Races.swift */ = {isa = PBXFileReference; fileEncoding = 4; lastKnownFileType = sourcecode.swift; path = Races.swift; sourceTree = "<group>"; };
		BF4C65C11F79219A008EDEDF /* Strenght.swift */ = {isa = PBXFileReference; fileEncoding = 4; lastKnownFileType = sourcecode.swift; path = Strenght.swift; sourceTree = "<group>"; };
		BF4C65C31F792225008EDEDF /* Team.swift */ = {isa = PBXFileReference; fileEncoding = 4; lastKnownFileType = sourcecode.swift; path = Team.swift; sourceTree = "<group>"; };
		BF4C65C51F7930AF008EDEDF /* Recovery.swift */ = {isa = PBXFileReference; fileEncoding = 4; lastKnownFileType = sourcecode.swift; path = Recovery.swift; sourceTree = "<group>"; };
		BF4C65C71F793ADC008EDEDF /* Chest.swift */ = {isa = PBXFileReference; fileEncoding = 4; lastKnownFileType = sourcecode.swift; path = Chest.swift; sourceTree = "<group>"; };
		BF4C65C91F793BD2008EDEDF /* BonusWeapon1.swift */ = {isa = PBXFileReference; fileEncoding = 4; lastKnownFileType = sourcecode.swift; path = BonusWeapon1.swift; sourceTree = "<group>"; };
		BF4C65CB1F793C60008EDEDF /* BonusWeapon2.swift */ = {isa = PBXFileReference; fileEncoding = 4; lastKnownFileType = sourcecode.swift; path = BonusWeapon2.swift; sourceTree = "<group>"; };
		BFD735021F79422900CAABD6 /* BoneAxe.swift */ = {isa = PBXFileReference; fileEncoding = 4; lastKnownFileType = sourcecode.swift; path = BoneAxe.swift; sourceTree = "<group>"; };
		BFD735031F79422900CAABD6 /* Characters.swift */ = {isa = PBXFileReference; fileEncoding = 4; lastKnownFileType = sourcecode.swift; path = Characters.swift; sourceTree = "<group>"; };
		BFD735041F79422900CAABD6 /* Hammer.swift */ = {isa = PBXFileReference; fileEncoding = 4; lastKnownFileType = sourcecode.swift; path = Hammer.swift; sourceTree = "<group>"; };
		BFD735051F79422900CAABD6 /* NightStick.swift */ = {isa = PBXFileReference; fileEncoding = 4; lastKnownFileType = sourcecode.swift; path = NightStick.swift; sourceTree = "<group>"; };
		BFD735061F79422900CAABD6 /* Players.swift */ = {isa = PBXFileReference; fileEncoding = 4; lastKnownFileType = sourcecode.swift; path = Players.swift; sourceTree = "<group>"; };
		BFD735071F79422900CAABD6 /* Sword.swift */ = {isa = PBXFileReference; fileEncoding = 4; lastKnownFileType = sourcecode.swift; path = Sword.swift; sourceTree = "<group>"; };
		BFD7350E1F79427300CAABD6 /* main.swift */ = {isa = PBXFileReference; fileEncoding = 4; lastKnownFileType = sourcecode.swift; path = main.swift; sourceTree = "<group>"; };
		BFD735101F794DE300CAABD6 /* Options.swift */ = {isa = PBXFileReference; fileEncoding = 4; lastKnownFileType = sourcecode.swift; path = Options.swift; sourceTree = "<group>"; };
		BFD735121F79555900CAABD6 /* inputs.swift */ = {isa = PBXFileReference; fileEncoding = 4; lastKnownFileType = sourcecode.swift; path = inputs.swift; sourceTree = "<group>"; };
/* End PBXFileReference section */

/* Begin PBXFrameworksBuildPhase section */
		BF4C65A41F7913F2008EDEDF /* Frameworks */ = {
			isa = PBXFrameworksBuildPhase;
			buildActionMask = 2147483647;
			files = (
			);
			runOnlyForDeploymentPostprocessing = 0;
		};
/* End PBXFrameworksBuildPhase section */

/* Begin PBXGroup section */
		BF4C659E1F7913F2008EDEDF = {
			isa = PBXGroup;
			children = (
				BF4C65A91F7913F2008EDEDF /* P-3 */,
				BF4C65A81F7913F2008EDEDF /* Products */,
			);
			sourceTree = "<group>";
		};
		BF4C65A81F7913F2008EDEDF /* Products */ = {
			isa = PBXGroup;
			children = (
				BF4C65A71F7913F2008EDEDF /* P-3 */,
			);
			name = Products;
			sourceTree = "<group>";
		};
		BF4C65A91F7913F2008EDEDF /* P-3 */ = {
			isa = PBXGroup;
			children = (
				BFD7350E1F79427300CAABD6 /* main.swift */,
				BFD735121F79555900CAABD6 /* inputs.swift */,
				BFD735101F794DE300CAABD6 /* Options.swift */,
				BF4C65BF1F79159A008EDEDF /* Races.swift */,
				BFD735061F79422900CAABD6 /* Players.swift */,
				BFD735031F79422900CAABD6 /* Characters.swift */,
				BF4C65C31F792225008EDEDF /* Team.swift */,
				BF4C65C11F79219A008EDEDF /* Strenght.swift */,
				BF4C65C51F7930AF008EDEDF /* Recovery.swift */,
				BF4C65C71F793ADC008EDEDF /* Chest.swift */,
				BFD735021F79422900CAABD6 /* BoneAxe.swift */,
				BFD735041F79422900CAABD6 /* Hammer.swift */,
				BFD735051F79422900CAABD6 /* NightStick.swift */,
				BFD735071F79422900CAABD6 /* Sword.swift */,
				BF4C65CB1F793C60008EDEDF /* BonusWeapon2.swift */,
				BF4C65C91F793BD2008EDEDF /* BonusWeapon1.swift */,
			);
			path = "P-3";
			sourceTree = "<group>";
		};
/* End PBXGroup section */

/* Begin PBXNativeTarget section */
		BF4C65A61F7913F2008EDEDF /* P-3 */ = {
			isa = PBXNativeTarget;
			buildConfigurationList = BF4C65AE1F7913F2008EDEDF /* Build configuration list for PBXNativeTarget "P-3" */;
			buildPhases = (
				BF4C65A31F7913F2008EDEDF /* Sources */,
				BF4C65A41F7913F2008EDEDF /* Frameworks */,
				BF4C65A51F7913F2008EDEDF /* CopyFiles */,
			);
			buildRules = (
			);
			dependencies = (
			);
			name = "P-3";
			productName = "P-3";
			productReference = BF4C65A71F7913F2008EDEDF /* P-3 */;
			productType = "com.apple.product-type.tool";
		};
/* End PBXNativeTarget section */

/* Begin PBXProject section */
		BF4C659F1F7913F2008EDEDF /* Project object */ = {
			isa = PBXProject;
			attributes = {
				LastSwiftUpdateCheck = 0830;
				LastUpgradeCheck = 0900;
				ORGANIZATIONNAME = "vincent ";
				TargetAttributes = {
					BF4C65A61F7913F2008EDEDF = {
						CreatedOnToolsVersion = 8.3.3;
						LastSwiftMigration = 0900;
						ProvisioningStyle = Automatic;
					};
				};
			};
			buildConfigurationList = BF4C65A21F7913F2008EDEDF /* Build configuration list for PBXProject "P-3" */;
			compatibilityVersion = "Xcode 3.2";
			developmentRegion = English;
			hasScannedForEncodings = 0;
			knownRegions = (
				en,
			);
			mainGroup = BF4C659E1F7913F2008EDEDF;
			productRefGroup = BF4C65A81F7913F2008EDEDF /* Products */;
			projectDirPath = "";
			projectRoot = "";
			targets = (
				BF4C65A61F7913F2008EDEDF /* P-3 */,
			);
		};
/* End PBXProject section */

/* Begin PBXSourcesBuildPhase section */
		BF4C65A31F7913F2008EDEDF /* Sources */ = {
			isa = PBXSourcesBuildPhase;
			buildActionMask = 2147483647;
			files = (
				BF4C65C41F792225008EDEDF /* Team.swift in Sources */,
				BFD735111F794DE300CAABD6 /* Options.swift in Sources */,
				BF4C65C61F7930AF008EDEDF /* Recovery.swift in Sources */,
				BFD735081F79422900CAABD6 /* BoneAxe.swift in Sources */,
				BFD7350D1F79422900CAABD6 /* Sword.swift in Sources */,
				BFD7350B1F79422900CAABD6 /* NightStick.swift in Sources */,
				BFD7350A1F79422900CAABD6 /* Hammer.swift in Sources */,
				BF4C65C21F79219A008EDEDF /* Strenght.swift in Sources */,
				BF4C65CA1F793BD2008EDEDF /* BonusWeapon1.swift in Sources */,
				BFD7350F1F79427300CAABD6 /* main.swift in Sources */,
				BFD735131F79555900CAABD6 /* inputs.swift in Sources */,
				BFD7350C1F79422900CAABD6 /* Players.swift in Sources */,
				BFD735091F79422900CAABD6 /* Characters.swift in Sources */,
				BF4C65CC1F793C60008EDEDF /* BonusWeapon2.swift in Sources */,
				BF4C65C81F793ADC008EDEDF /* Chest.swift in Sources */,
				BF4C65C01F79159A008EDEDF /* Races.swift in Sources */,
			);
			runOnlyForDeploymentPostprocessing = 0;
		};
/* End PBXSourcesBuildPhase section */

/* Begin XCBuildConfiguration section */
		BF4C65AC1F7913F2008EDEDF /* Debug */ = {
			isa = XCBuildConfiguration;
			buildSettings = {
				ALWAYS_SEARCH_USER_PATHS = NO;
				CLANG_ANALYZER_NONNULL = YES;
				CLANG_ANALYZER_NUMBER_OBJECT_CONVERSION = YES_AGGRESSIVE;
				CLANG_CXX_LANGUAGE_STANDARD = "gnu++0x";
				CLANG_CXX_LIBRARY = "libc++";
				CLANG_ENABLE_MODULES = YES;
				CLANG_ENABLE_OBJC_ARC = YES;
				CLANG_WARN_BLOCK_CAPTURE_AUTORELEASING = YES;
				CLANG_WARN_BOOL_CONVERSION = YES;
				CLANG_WARN_COMMA = YES;
				CLANG_WARN_CONSTANT_CONVERSION = YES;
				CLANG_WARN_DIRECT_OBJC_ISA_USAGE = YES_ERROR;
				CLANG_WARN_DOCUMENTATION_COMMENTS = YES;
				CLANG_WARN_EMPTY_BODY = YES;
				CLANG_WARN_ENUM_CONVERSION = YES;
				CLANG_WARN_INFINITE_RECURSION = YES;
				CLANG_WARN_INT_CONVERSION = YES;
				CLANG_WARN_NON_LITERAL_NULL_CONVERSION = YES;
				CLANG_WARN_OBJC_LITERAL_CONVERSION = YES;
				CLANG_WARN_OBJC_ROOT_CLASS = YES_ERROR;
				CLANG_WARN_RANGE_LOOP_ANALYSIS = YES;
				CLANG_WARN_STRICT_PROTOTYPES = YES;
				CLANG_WARN_SUSPICIOUS_MOVE = YES;
				CLANG_WARN_UNREACHABLE_CODE = YES;
				CLANG_WARN__DUPLICATE_METHOD_MATCH = YES;
				CODE_SIGN_IDENTITY = "-";
				COPY_PHASE_STRIP = NO;
				DEBUG_INFORMATION_FORMAT = dwarf;
				ENABLE_STRICT_OBJC_MSGSEND = YES;
				ENABLE_TESTABILITY = YES;
				GCC_C_LANGUAGE_STANDARD = gnu99;
				GCC_DYNAMIC_NO_PIC = NO;
				GCC_NO_COMMON_BLOCKS = YES;
				GCC_OPTIMIZATION_LEVEL = 0;
				GCC_PREPROCESSOR_DEFINITIONS = (
					"DEBUG=1",
					"$(inherited)",
				);
				GCC_WARN_64_TO_32_BIT_CONVERSION = YES;
				GCC_WARN_ABOUT_RETURN_TYPE = YES_ERROR;
				GCC_WARN_UNDECLARED_SELECTOR = YES;
				GCC_WARN_UNINITIALIZED_AUTOS = YES_AGGRESSIVE;
				GCC_WARN_UNUSED_FUNCTION = YES;
				GCC_WARN_UNUSED_VARIABLE = YES;
				MACOSX_DEPLOYMENT_TARGET = 10.12;
				MTL_ENABLE_DEBUG_INFO = YES;
				ONLY_ACTIVE_ARCH = YES;
				SDKROOT = macosx;
				SWIFT_OPTIMIZATION_LEVEL = "-Onone";
			};
			name = Debug;
		};
		BF4C65AD1F7913F2008EDEDF /* Release */ = {
			isa = XCBuildConfiguration;
			buildSettings = {
				ALWAYS_SEARCH_USER_PATHS = NO;
				CLANG_ANALYZER_NONNULL = YES;
				CLANG_ANALYZER_NUMBER_OBJECT_CONVERSION = YES_AGGRESSIVE;
				CLANG_CXX_LANGUAGE_STANDARD = "gnu++0x";
				CLANG_CXX_LIBRARY = "libc++";
				CLANG_ENABLE_MODULES = YES;
				CLANG_ENABLE_OBJC_ARC = YES;
				CLANG_WARN_BLOCK_CAPTURE_AUTORELEASING = YES;
				CLANG_WARN_BOOL_CONVERSION = YES;
				CLANG_WARN_COMMA = YES;
				CLANG_WARN_CONSTANT_CONVERSION = YES;
				CLANG_WARN_DIRECT_OBJC_ISA_USAGE = YES_ERROR;
				CLANG_WARN_DOCUMENTATION_COMMENTS = YES;
				CLANG_WARN_EMPTY_BODY = YES;
				CLANG_WARN_ENUM_CONVERSION = YES;
				CLANG_WARN_INFINITE_RECURSION = YES;
				CLANG_WARN_INT_CONVERSION = YES;
				CLANG_WARN_NON_LITERAL_NULL_CONVERSION = YES;
				CLANG_WARN_OBJC_LITERAL_CONVERSION = YES;
				CLANG_WARN_OBJC_ROOT_CLASS = YES_ERROR;
				CLANG_WARN_RANGE_LOOP_ANALYSIS = YES;
				CLANG_WARN_STRICT_PROTOTYPES = YES;
				CLANG_WARN_SUSPICIOUS_MOVE = YES;
				CLANG_WARN_UNREACHABLE_CODE = YES;
				CLANG_WARN__DUPLICATE_METHOD_MATCH = YES;
				CODE_SIGN_IDENTITY = "-";
				COPY_PHASE_STRIP = NO;
				DEBUG_INFORMATION_FORMAT = "dwarf-with-dsym";
				ENABLE_NS_ASSERTIONS = NO;
				ENABLE_STRICT_OBJC_MSGSEND = YES;
				GCC_C_LANGUAGE_STANDARD = gnu99;
				GCC_NO_COMMON_BLOCKS = YES;
				GCC_WARN_64_TO_32_BIT_CONVERSION = YES;
				GCC_WARN_ABOUT_RETURN_TYPE = YES_ERROR;
				GCC_WARN_UNDECLARED_SELECTOR = YES;
				GCC_WARN_UNINITIALIZED_AUTOS = YES_AGGRESSIVE;
				GCC_WARN_UNUSED_FUNCTION = YES;
				GCC_WARN_UNUSED_VARIABLE = YES;
				MACOSX_DEPLOYMENT_TARGET = 10.12;
				MTL_ENABLE_DEBUG_INFO = NO;
				SDKROOT = macosx;
				SWIFT_OPTIMIZATION_LEVEL = "-Owholemodule";
			};
			name = Release;
		};
		BF4C65AF1F7913F2008EDEDF /* Debug */ = {
			isa = XCBuildConfiguration;
			buildSettings = {
				PRODUCT_NAME = "$(TARGET_NAME)";
				SWIFT_SWIFT3_OBJC_INFERENCE = On;
				SWIFT_VERSION = 4.0;
			};
			name = Debug;
		};
		BF4C65B01F7913F2008EDEDF /* Release */ = {
			isa = XCBuildConfiguration;
			buildSettings = {
				PRODUCT_NAME = "$(TARGET_NAME)";
				SWIFT_SWIFT3_OBJC_INFERENCE = On;
				SWIFT_VERSION = 4.0;
			};
			name = Release;
		};
/* End XCBuildConfiguration section */

/* Begin XCConfigurationList section */
		BF4C65A21F7913F2008EDEDF /* Build configuration list for PBXProject "P-3" */ = {
			isa = XCConfigurationList;
			buildConfigurations = (
				BF4C65AC1F7913F2008EDEDF /* Debug */,
				BF4C65AD1F7913F2008EDEDF /* Release */,
			);
			defaultConfigurationIsVisible = 0;
			defaultConfigurationName = Release;
		};
		BF4C65AE1F7913F2008EDEDF /* Build configuration list for PBXNativeTarget "P-3" */ = {
			isa = XCConfigurationList;
			buildConfigurations = (
				BF4C65AF1F7913F2008EDEDF /* Debug */,
				BF4C65B01F7913F2008EDEDF /* Release */,
			);
			defaultConfigurationIsVisible = 0;
			defaultConfigurationName = Release;
		};
/* End XCConfigurationList section */
	};
	rootObject = BF4C659F1F7913F2008EDEDF /* Project object */;
}
